
Microsoft Visual Studio Solution File, Format Version 12.00
# Visual Studio Version 16
VisualStudioVersion = 16.0.30804.86
MinimumVisualStudioVersion = 10.0.40219.1
Project("{FAE04EC0-301F-11D3-BF4B-00C04F79EFBC}") = "controleDeEstoque", "controleDeEstoque.csproj", "{D29134E6-8FF2-4AF0-952E-1E466D6BC028}"
EndProject
Global
	GlobalSection(SolutionConfigurationPlatforms) = preSolution
		Debug|Any CPU = Debug|Any CPU
		Release|Any CPU = Release|Any CPU
	EndGlobalSection
	GlobalSection(ProjectConfigurationPlatforms) = postSolution
		{D29134E6-8FF2-4AF0-952E-1E466D6BC028}.Debug|Any CPU.ActiveCfg = Debug|Any CPU
		{D29134E6-8FF2-4AF0-952E-1E466D6BC028}.Debug|Any CPU.Build.0 = Debug|Any CPU
		{D29134E6-8FF2-4AF0-952E-1E466D6BC028}.Release|Any CPU.ActiveCfg = Release|Any CPU
		{D29134E6-8FF2-4AF0-952E-1E466D6BC028}.Release|Any CPU.Build.0 = Release|Any CPU
	EndGlobalSection
	GlobalSection(SolutionProperties) = preSolution
		HideSolutionNode = FALSE
	EndGlobalSection
	GlobalSection(ExtensibilityGlobals) = postSolution
		SolutionGuid = {E6AB5FC5-E414-4668-80C8-AC7AEB1B8786}
	EndGlobalSection
EndGlobal
